
Microsoft Visual Studio Solution File, Format Version 12.00
# Visual Studio Version 16
VisualStudioVersion = 16.0.32413.511
MinimumVisualStudioVersion = 10.0.40219.1
Project("{9092AA53-FB77-4645-B42D-1CCCA6BD08BD}") = "SignupAndLoginHtml", "SignupAndLoginHtml\SignupAndLoginHtml.njsproj", "{F6BFB764-5FC0-4198-80F0-C19070E856D4}"
EndProject
Global
	GlobalSection(SolutionConfigurationPlatforms) = preSolution
		Debug|Any CPU = Debug|Any CPU
		Release|Any CPU = Release|Any CPU
	EndGlobalSection
	GlobalSection(ProjectConfigurationPlatforms) = postSolution
		{F6BFB764-5FC0-4198-80F0-C19070E856D4}.Debug|Any CPU.ActiveCfg = Debug|Any CPU
		{F6BFB764-5FC0-4198-80F0-C19070E856D4}.Debug|Any CPU.Build.0 = Debug|Any CPU
		{F6BFB764-5FC0-4198-80F0-C19070E856D4}.Release|Any CPU.ActiveCfg = Release|Any CPU
		{F6BFB764-5FC0-4198-80F0-C19070E856D4}.Release|Any CPU.Build.0 = Release|Any CPU
	EndGlobalSection
	GlobalSection(SolutionProperties) = preSolution
		HideSolutionNode = FALSE
	EndGlobalSection
	GlobalSection(ExtensibilityGlobals) = postSolution
		SolutionGuid = {5874C2B0-DC84-4309-8D61-ACD8B2F77482}
	EndGlobalSection
EndGlobal
